
Microsoft Visual Studio Solution File, Format Version 12.00
# Visual Studio Version 16
VisualStudioVersion = 16.0.29215.179
MinimumVisualStudioVersion = 10.0.40219.1
Project("{FAE04EC0-301F-11D3-BF4B-00C04F79EFBC}") = "GOB", "GOB\GOB.csproj", "{6207C6CB-7AFC-463F-A304-E33F4F97416D}"
EndProject
Global
	GlobalSection(SolutionConfigurationPlatforms) = preSolution
		Debug|Any CPU = Debug|Any CPU
		Release|Any CPU = Release|Any CPU
	EndGlobalSection
	GlobalSection(ProjectConfigurationPlatforms) = postSolution
		{6207C6CB-7AFC-463F-A304-E33F4F97416D}.Debug|Any CPU.ActiveCfg = Debug|Any CPU
		{6207C6CB-7AFC-463F-A304-E33F4F97416D}.Debug|Any CPU.Build.0 = Debug|Any CPU
		{6207C6CB-7AFC-463F-A304-E33F4F97416D}.Release|Any CPU.ActiveCfg = Release|Any CPU
		{6207C6CB-7AFC-463F-A304-E33F4F97416D}.Release|Any CPU.Build.0 = Release|Any CPU
	EndGlobalSection
	GlobalSection(SolutionProperties) = preSolution
		HideSolutionNode = FALSE
	EndGlobalSection
	GlobalSection(ExtensibilityGlobals) = postSolution
		SolutionGuid = {4195FD9A-ACA0-4C93-BF6E-37B97664BDD0}
	EndGlobalSection
EndGlobal
